Microsoft Visual Studio Solution File, Format Version 12.00
# Visual Studio Version 17
VisualStudioVersion = 17.8.0.0
MinimumVisualStudioVersion = 17.8.0.0
Project("{9A19103F-16F7-4668-BE54-9A1E7A4F7556}") = "aspire.AppHost", "aspire.AppHost\aspire.AppHost.csproj", "{76D6DD73-D1F1-4699-967B-55E4CA6E3708}"
EndProject
Project("{9A19103F-16F7-4668-BE54-9A1E7A4F7556}") = "aspire.ServiceDefaults", "aspire.ServiceDefaults\aspire.ServiceDefaults.csproj", "{CC36E02B-2317-4C9A-8ADA-29D1CC56E03E}"
EndProject
Global
	GlobalSection(SolutionConfigurationPlatforms) = preSolution
		Debug|Any CPU = Debug|Any CPU
		Release|Any CPU = Release|Any CPU
	EndGlobalSection
	GlobalSection(ProjectConfigurationPlatforms) = postSolution
		{76D6DD73-D1F1-4699-967B-55E4CA6E3708}.Debug|Any CPU.ActiveCfg = Debug|Any CPU
		{76D6DD73-D1F1-4699-967B-55E4CA6E3708}.Debug|Any CPU.Build.0 = Debug|Any CPU
		{76D6DD73-D1F1-4699-967B-55E4CA6E3708}.Release|Any CPU.ActiveCfg = Release|Any CPU
		{76D6DD73-D1F1-4699-967B-55E4CA6E3708}.Release|Any CPU.Build.0 = Release|Any CPU
		{CC36E02B-2317-4C9A-8ADA-29D1CC56E03E}.Debug|Any CPU.ActiveCfg = Debug|Any CPU
		{CC36E02B-2317-4C9A-8ADA-29D1CC56E03E}.Debug|Any CPU.Build.0 = Debug|Any CPU
		{CC36E02B-2317-4C9A-8ADA-29D1CC56E03E}.Release|Any CPU.ActiveCfg = Release|Any CPU
		{CC36E02B-2317-4C9A-8ADA-29D1CC56E03E}.Release|Any CPU.Build.0 = Release|Any CPU
	EndGlobalSection
	GlobalSection(SolutionProperties) = preSolution
		HideSolutionNode = FALSE
	EndGlobalSection
	GlobalSection(ExtensibilityGlobals) = postSolution
		SolutionGuid = {4848369F-45FD-4B03-9895-3F16BE9F3D51}
	EndGlobalSection
EndGlobal
